
Microsoft Visual Studio Solution File, Format Version 12.00
# Visual Studio Version 16
VisualStudioVersion = 16.0.28803.156
MinimumVisualStudioVersion = 10.0.40219.1
Project("{8BC9CEB8-8B4A-11D0-8D11-00A0C91BC942}") = "Programming Project", "Programming Project.vcxproj", "{88774A53-779F-4878-BBB7-2A99EAC23407}"
EndProject
Global
	GlobalSection(SolutionConfigurationPlatforms) = preSolution
		Debug|x64 = Debug|x64
		Debug|x86 = Debug|x86
		Release|x64 = Release|x64
		Release|x86 = Release|x86
	EndGlobalSection
	GlobalSection(ProjectConfigurationPlatforms) = postSolution
		{88774A53-779F-4878-BBB7-2A99EAC23407}.Debug|x64.ActiveCfg = Debug|x64
		{88774A53-779F-4878-BBB7-2A99EAC23407}.Debug|x64.Build.0 = Debug|x64
		{88774A53-779F-4878-BBB7-2A99EAC23407}.Debug|x86.ActiveCfg = Debug|Win32
		{88774A53-779F-4878-BBB7-2A99EAC23407}.Debug|x86.Build.0 = Debug|Win32
		{88774A53-779F-4878-BBB7-2A99EAC23407}.Release|x64.ActiveCfg = Release|x64
		{88774A53-779F-4878-BBB7-2A99EAC23407}.Release|x64.Build.0 = Release|x64
		{88774A53-779F-4878-BBB7-2A99EAC23407}.Release|x86.ActiveCfg = Release|Win32
		{88774A53-779F-4878-BBB7-2A99EAC23407}.Release|x86.Build.0 = Release|Win32
	EndGlobalSection
	GlobalSection(SolutionProperties) = preSolution
		HideSolutionNode = FALSE
	EndGlobalSection
	GlobalSection(ExtensibilityGlobals) = postSolution
		SolutionGuid = {54FD58EC-D25B-4DF1-A515-145E1C7B5B5A}
	EndGlobalSection
EndGlobal
